<?xml version="1.0" encoding="utf-8"?>
<Project ToolsVersion="4.0" xmlns="http://schemas.microsoft.com/developer/msbuild/2003">
  <ItemGroup>
    <ClCompile Include="Source\Log.cpp">
      <Filter>Platformer\Utils</Filter>
    </ClCompile>
    <ClCompile Include="Source\External\PugiXml\src\pugixml.cpp">
      <Filter>External\PugiXml</Filter>
    </ClCompile>
    <ClCompile Include="Source\App.cpp">
      <Filter>Platformer\Management</Filter>
    </ClCompile>
    <ClCompile Include="Source\Main.cpp">
      <Filter>Platformer\Management</Filter>
    </ClCompile>
    <ClCompile Include="Source\PerfTimer.cpp">
      <Filter>Platformer\Timer</Filter>
    </ClCompile>
    <ClCompile Include="Source\Timer.cpp">
      <Filter>Platformer\Timer</Filter>
    </ClCompile>
    <ClCompile Include="Source\Audio.cpp">
      <Filter>Platformer\Modules\Core</Filter>
    </ClCompile>
    <ClCompile Include="Source\Input.cpp">
      <Filter>Platformer\Modules\Core</Filter>
    </ClCompile>
    <ClCompile Include="Source\Render.cpp">
      <Filter>Platformer\Modules\Core</Filter>
    </ClCompile>
    <ClCompile Include="Source\Textures.cpp">
      <Filter>Platformer\Modules\Core</Filter>
    </ClCompile>
    <ClCompile Include="Source\Window.cpp">
      <Filter>Platformer\Modules\Core</Filter>
    </ClCompile>
    <ClCompile Include="Source\FadeToBlack.cpp">
      <Filter>Platformer\Modules\Extra</Filter>
    </ClCompile>
    <ClCompile Include="Source\Player.cpp">
      <Filter>Platformer\Scenes\Gameplay</Filter>
    </ClCompile>
    <ClCompile Include="Source\Scene.cpp">
      <Filter>Platformer\Scenes\Gameplay</Filter>
    </ClCompile>
    <ClCompile Include="Source\SceneLogo.cpp">
      <Filter>Platformer\Scenes\Gameloop</Filter>
    </ClCompile>
    <ClCompile Include="Source\SceneTitle.cpp">
      <Filter>Platformer\Scenes\Gameloop</Filter>
    </ClCompile>
    <ClCompile Include="Source\Physics.cpp">
      <Filter>Platformer\Modules\Extra</Filter>
    </ClCompile>
    <ClCompile Include="Source\Map.cpp">
      <Filter>Platformer\Scenes</Filter>
    </ClCompile>
  </ItemGroup>
  <ItemGroup>
    <ClInclude Include="Source\Defs.h">
      <Filter>Platformer\Utils</Filter>
    </ClInclude>
    <ClInclude Include="Source\DynArray.h">
      <Filter>Platformer\Utils</Filter>
    </ClInclude>
    <ClInclude Include="Source\List.h">
      <Filter>Platformer\Utils</Filter>
    </ClInclude>
    <ClInclude Include="Source\Log.h">
      <Filter>Platformer\Utils</Filter>
    </ClInclude>
    <ClInclude Include="Source\Point.h">
      <Filter>Platformer\Utils</Filter>
    </ClInclude>
    <ClInclude Include="Source\SString.h">
      <Filter>Platformer\Utils</Filter>
    </ClInclude>
    <ClInclude Include="Source\External\PugiXml\src\pugiconfig.hpp">
      <Filter>External\PugiXml</Filter>
    </ClInclude>
    <ClInclude Include="Source\External\PugiXml\src\pugixml.hpp">
      <Filter>External\PugiXml</Filter>
    </ClInclude>
    <ClInclude Include="Source\Animation.h">
      <Filter>Platformer\Utils</Filter>
    </ClInclude>
    <ClInclude Include="Source\App.h">
      <Filter>Platformer\Management</Filter>
    </ClInclude>
    <ClInclude Include="Source\PerfTimer.h">
      <Filter>Platformer\Timer</Filter>
    </ClInclude>
    <ClInclude Include="Source\Timer.h">
      <Filter>Platformer\Timer</Filter>
    </ClInclude>
    <ClInclude Include="Source\Module.h">
      <Filter>Platformer\Management</Filter>
    </ClInclude>
    <ClInclude Include="Source\Audio.h">
      <Filter>Platformer\Modules\Core</Filter>
    </ClInclude>
    <ClInclude Include="Source\Input.h">
      <Filter>Platformer\Modules\Core</Filter>
    </ClInclude>
    <ClInclude Include="Source\Render.h">
      <Filter>Platformer\Modules\Core</Filter>
    </ClInclude>
    <ClInclude Include="Source\Textures.h">
      <Filter>Platformer\Modules\Core</Filter>
    </ClInclude>
    <ClInclude Include="Source\Window.h">
      <Filter>Platformer\Modules\Core</Filter>
    </ClInclude>
    <ClInclude Include="Source\FadeToBlack.h">
      <Filter>Platformer\Modules\Extra</Filter>
    </ClInclude>
    <ClInclude Include="Source\Player.h">
      <Filter>Platformer\Scenes\Gameplay</Filter>
    </ClInclude>
    <ClInclude Include="Source\Scene.h">
      <Filter>Platformer\Scenes\Gameplay</Filter>
    </ClInclude>
    <ClInclude Include="Source\SceneLogo.h">
      <Filter>Platformer\Scenes\Gameloop</Filter>
    </ClInclude>
    <ClInclude Include="Source\SceneTitle.h">
      <Filter>Platformer\Scenes\Gameloop</Filter>
    </ClInclude>
    <ClInclude Include="Source\Physics.h">
      <Filter>Platformer\Modules\Extra</Filter>
    </ClInclude>
    <ClInclude Include="Source\Map.h">
      <Filter>Platformer\Scenes</Filter>
    </ClInclude>
    <ClInclude Include="resource.h">
      <Filter>Resources</Filter>
    </ClInclude>
  </ItemGroup>
  <ItemGroup>
    <Filter Include="External">
      <UniqueIdentifier>{83a966c7-b4bb-4eff-9c2c-3ff3c7b55a60}</UniqueIdentifier>
    </Filter>
    <Filter Include="External\PugiXml">
      <UniqueIdentifier>{2855ff7f-53a1-413d-a75b-18b4ade921dd}</UniqueIdentifier>
    </Filter>
    <Filter Include="Platformer">
      <UniqueIdentifier>{4a1d929f-03fd-4f6d-8261-141f6eec53c4}</UniqueIdentifier>
    </Filter>
    <Filter Include="Platformer\Scenes">
      <UniqueIdentifier>{305228ce-779e-4270-8056-c2c0d09c8648}</UniqueIdentifier>
    </Filter>
    <Filter Include="Platformer\Scenes\Gameplay">
      <UniqueIdentifier>{b371d3dc-a258-4a11-964a-ac75c826a639}</UniqueIdentifier>
    </Filter>
    <Filter Include="Platformer\Scenes\Gameloop">
      <UniqueIdentifier>{f2a23103-49ca-4eb0-9cfe-202c3b619aff}</UniqueIdentifier>
    </Filter>
    <Filter Include="Platformer\Utils">
      <UniqueIdentifier>{2cad778a-d356-48b0-9fee-587f1bbb187e}</UniqueIdentifier>
    </Filter>
    <Filter Include="Platformer\Management">
      <UniqueIdentifier>{5aef3090-e8bf-43f1-8628-017483df9c44}</UniqueIdentifier>
    </Filter>
    <Filter Include="Platformer\Timer">
      <UniqueIdentifier>{b0e0506d-237c-47d7-bf12-dac8fb9adf2d}</UniqueIdentifier>
    </Filter>
    <Filter Include="Platformer\Modules">
      <UniqueIdentifier>{2a4072fe-0355-409e-913b-9f062295e0ee}</UniqueIdentifier>
    </Filter>
    <Filter Include="Platformer\Modules\Core">
      <UniqueIdentifier>{5619c812-ac86-4d62-902e-952f94cb9103}</UniqueIdentifier>
    </Filter>
    <Filter Include="Platformer\Modules\Extra">
      <UniqueIdentifier>{10930d00-28f0-4e03-8b5a-1bc5968a2655}</UniqueIdentifier>
    </Filter>
    <Filter Include="Resources">
      <UniqueIdentifier>{19f1a10f-2f65-4e1f-b90d-a9c8882c104a}</UniqueIdentifier>
    </Filter>
  </ItemGroup>
  <ItemGroup>
    <Image Include="icon1.ico">
      <Filter>Resources</Filter>
    </Image>
  </ItemGroup>
  <ItemGroup>
    <ResourceCompile Include="SDL_Platformer.rc">
      <Filter>Resources</Filter>
    </ResourceCompile>
  </ItemGroup>
</Project>